{
  "object": {
    "pins": [
      {
        "package": "swift-case-paths",
        "repositoryURL": "https://github.com/ovcovc/swift-case-paths",
        "state": {
          "branch": "fix",
          "revision": "63ce3834d0fe22fa69c53110d0acf13d6b8597bb",
          "version": null
        }
      },
      {
        "package": "swift-custom-dump",
        "repositoryURL": "https://github.com/ovcovc/swift-custom-dump",
        "state": {
          "branch": "fix",
          "revision": "ccca0fb36e8fc4e41f685f882202d9aa59758ae0",
          "version": null
        }
      },
      {
        "package": "SwiftDocCPlugin",
        "repositoryURL": "https://github.com/apple/swift-docc-plugin",
        "state": {
          "branch": null,
          "revision": "3303b164430d9a7055ba484c8ead67a52f7b74f6",
          "version": "1.0.0"
        }
      },
      {
        "package": "xctest-dynamic-overlay",
        "repositoryURL": "https://github.com/ovcovc/swift-issue-reporting",
        "state": {
          "branch": "release/1_5_2",
          "revision": "fbbadf0ef8938b5a8d77ddefd6edd369665f2e07",
          "version": null
        }
      }
    ]
  },
  "version": 1
}
